
Microsoft Visual Studio Solution File, Format Version 12.00
# Visual Studio Version 16
VisualStudioVersion = 16.0.28803.452
MinimumVisualStudioVersion = 10.0.40219.1
Project("{9A19103F-16F7-4668-BE54-9A1E7A4F7556}") = "Swifter.Core", "Swifter.Core\Swifter.Core.csproj", "{FF5E7745-DB32-4AB5-882B-2BAE35BE0763}"
EndProject
Project("{9A19103F-16F7-4668-BE54-9A1E7A4F7556}") = "Swifter.FSharpExtensions", "Swifter.FSharpExtensions\Swifter.FSharpExtensions.csproj", "{3AA1871A-7072-42C9-AD2B-CBC43E1D37BD}"
EndProject
Project("{9A19103F-16F7-4668-BE54-9A1E7A4F7556}") = "Swifter.Json", "Swifter.Json\Swifter.Json.csproj", "{449652E7-2693-49AB-8D4A-098A9417BA8D}"
EndProject
Project("{9A19103F-16F7-4668-BE54-9A1E7A4F7556}") = "Swifter.Data", "Swifter.Data\Swifter.Data.csproj", "{89F8C30E-ABBE-42EA-8832-2942127EC96E}"
EndProject
Project("{9A19103F-16F7-4668-BE54-9A1E7A4F7556}") = "Swifter.MessagePack", "Swifter.MessagePack\Swifter.MessagePack.csproj", "{94F0BA84-491A-4458-892B-349921D703F5}"
EndProject
Project("{9A19103F-16F7-4668-BE54-9A1E7A4F7556}") = "Swifter.Test.NUnit", "Swifter.Test.NUnit\Swifter.Test.NUnit.csproj", "{03BD5A04-73CC-4268-B0E2-6F85942D469C}"
EndProject
Project("{9A19103F-16F7-4668-BE54-9A1E7A4F7556}") = "Swifter.Test.WPF", "Swifter.Test.WPF\Swifter.Test.WPF.csproj", "{14640CF1-31EC-420C-89D3-AA1A0B3ADCBA}"
EndProject
Project("{9A19103F-16F7-4668-BE54-9A1E7A4F7556}") = "Swifter.Debug", "Swifter.Debug\Swifter.Debug.csproj", "{11C26A70-E1C5-4CD4-B9EE-737CFAEF7E88}"
EndProject
Project("{9A19103F-16F7-4668-BE54-9A1E7A4F7556}") = "Swifter.Extensions.AspNetCore", "Swifter.Extensions.AspNetCore\Swifter.Extensions.AspNetCore.csproj", "{D2FA27F2-E052-4446-A257-5ED96007D590}"
EndProject
Global
	GlobalSection(SolutionConfigurationPlatforms) = preSolution
		Debug|Any CPU = Debug|Any CPU
		Debug|iPhone = Debug|iPhone
		Debug|iPhoneSimulator = Debug|iPhoneSimulator
		Debug|x86 = Debug|x86
		Release|Any CPU = Release|Any CPU
		Release|iPhone = Release|iPhone
		Release|iPhoneSimulator = Release|iPhoneSimulator
		Release|x86 = Release|x86
	EndGlobalSection
	GlobalSection(ProjectConfigurationPlatforms) = postSolution
		{FF5E7745-DB32-4AB5-882B-2BAE35BE0763}.Debug|Any CPU.ActiveCfg = Debug|Any CPU
		{FF5E7745-DB32-4AB5-882B-2BAE35BE0763}.Debug|Any CPU.Build.0 = Debug|Any CPU
		{FF5E7745-DB32-4AB5-882B-2BAE35BE0763}.Debug|iPhone.ActiveCfg = Debug|Any CPU
		{FF5E7745-DB32-4AB5-882B-2BAE35BE0763}.Debug|iPhone.Build.0 = Debug|Any CPU
		{FF5E7745-DB32-4AB5-882B-2BAE35BE0763}.Debug|iPhoneSimulator.ActiveCfg = Debug|Any CPU
		{FF5E7745-DB32-4AB5-882B-2BAE35BE0763}.Debug|iPhoneSimulator.Build.0 = Debug|Any CPU
		{FF5E7745-DB32-4AB5-882B-2BAE35BE0763}.Debug|x86.ActiveCfg = Debug|Any CPU
		{FF5E7745-DB32-4AB5-882B-2BAE35BE0763}.Debug|x86.Build.0 = Debug|Any CPU
		{FF5E7745-DB32-4AB5-882B-2BAE35BE0763}.Release|Any CPU.ActiveCfg = Release|Any CPU
		{FF5E7745-DB32-4AB5-882B-2BAE35BE0763}.Release|Any CPU.Build.0 = Release|Any CPU
		{FF5E7745-DB32-4AB5-882B-2BAE35BE0763}.Release|iPhone.ActiveCfg = Release|Any CPU
		{FF5E7745-DB32-4AB5-882B-2BAE35BE0763}.Release|iPhone.Build.0 = Release|Any CPU
		{FF5E7745-DB32-4AB5-882B-2BAE35BE0763}.Release|iPhoneSimulator.ActiveCfg = Release|Any CPU
		{FF5E7745-DB32-4AB5-882B-2BAE35BE0763}.Release|iPhoneSimulator.Build.0 = Release|Any CPU
		{FF5E7745-DB32-4AB5-882B-2BAE35BE0763}.Release|x86.ActiveCfg = Release|Any CPU
		{FF5E7745-DB32-4AB5-882B-2BAE35BE0763}.Release|x86.Build.0 = Release|Any CPU
		{3AA1871A-7072-42C9-AD2B-CBC43E1D37BD}.Debug|Any CPU.ActiveCfg = Debug|Any CPU
		{3AA1871A-7072-42C9-AD2B-CBC43E1D37BD}.Debug|Any CPU.Build.0 = Debug|Any CPU
		{3AA1871A-7072-42C9-AD2B-CBC43E1D37BD}.Debug|iPhone.ActiveCfg = Debug|Any CPU
		{3AA1871A-7072-42C9-AD2B-CBC43E1D37BD}.Debug|iPhone.Build.0 = Debug|Any CPU
		{3AA1871A-7072-42C9-AD2B-CBC43E1D37BD}.Debug|iPhoneSimulator.ActiveCfg = Debug|Any CPU
		{3AA1871A-7072-42C9-AD2B-CBC43E1D37BD}.Debug|iPhoneSimulator.Build.0 = Debug|Any CPU
		{3AA1871A-7072-42C9-AD2B-CBC43E1D37BD}.Debug|x86.ActiveCfg = Debug|Any CPU
		{3AA1871A-7072-42C9-AD2B-CBC43E1D37BD}.Debug|x86.Build.0 = Debug|Any CPU
		{3AA1871A-7072-42C9-AD2B-CBC43E1D37BD}.Release|Any CPU.ActiveCfg = Release|Any CPU
		{3AA1871A-7072-42C9-AD2B-CBC43E1D37BD}.Release|Any CPU.Build.0 = Release|Any CPU
		{3AA1871A-7072-42C9-AD2B-CBC43E1D37BD}.Release|iPhone.ActiveCfg = Release|Any CPU
		{3AA1871A-7072-42C9-AD2B-CBC43E1D37BD}.Release|iPhone.Build.0 = Release|Any CPU
		{3AA1871A-7072-42C9-AD2B-CBC43E1D37BD}.Release|iPhoneSimulator.ActiveCfg = Release|Any CPU
		{3AA1871A-7072-42C9-AD2B-CBC43E1D37BD}.Release|iPhoneSimulator.Build.0 = Release|Any CPU
		{3AA1871A-7072-42C9-AD2B-CBC43E1D37BD}.Release|x86.ActiveCfg = Release|Any CPU
		{3AA1871A-7072-42C9-AD2B-CBC43E1D37BD}.Release|x86.Build.0 = Release|Any CPU
		{449652E7-2693-49AB-8D4A-098A9417BA8D}.Debug|Any CPU.ActiveCfg = Debug|Any CPU
		{449652E7-2693-49AB-8D4A-098A9417BA8D}.Debug|Any CPU.Build.0 = Debug|Any CPU
		{449652E7-2693-49AB-8D4A-098A9417BA8D}.Debug|iPhone.ActiveCfg = Debug|Any CPU
		{449652E7-2693-49AB-8D4A-098A9417BA8D}.Debug|iPhone.Build.0 = Debug|Any CPU
		{449652E7-2693-49AB-8D4A-098A9417BA8D}.Debug|iPhoneSimulator.ActiveCfg = Debug|Any CPU
		{449652E7-2693-49AB-8D4A-098A9417BA8D}.Debug|iPhoneSimulator.Build.0 = Debug|Any CPU
		{449652E7-2693-49AB-8D4A-098A9417BA8D}.Debug|x86.ActiveCfg = Debug|Any CPU
		{449652E7-2693-49AB-8D4A-098A9417BA8D}.Debug|x86.Build.0 = Debug|Any CPU
		{449652E7-2693-49AB-8D4A-098A9417BA8D}.Release|Any CPU.ActiveCfg = Release|Any CPU
		{449652E7-2693-49AB-8D4A-098A9417BA8D}.Release|Any CPU.Build.0 = Release|Any CPU
		{449652E7-2693-49AB-8D4A-098A9417BA8D}.Release|iPhone.ActiveCfg = Release|Any CPU
		{449652E7-2693-49AB-8D4A-098A9417BA8D}.Release|iPhone.Build.0 = Release|Any CPU
		{449652E7-2693-49AB-8D4A-098A9417BA8D}.Release|iPhoneSimulator.ActiveCfg = Release|Any CPU
		{449652E7-2693-49AB-8D4A-098A9417BA8D}.Release|iPhoneSimulator.Build.0 = Release|Any CPU
		{449652E7-2693-49AB-8D4A-098A9417BA8D}.Release|x86.ActiveCfg = Release|Any CPU
		{449652E7-2693-49AB-8D4A-098A9417BA8D}.Release|x86.Build.0 = Release|Any CPU
		{89F8C30E-ABBE-42EA-8832-2942127EC96E}.Debug|Any CPU.ActiveCfg = Debug|Any CPU
		{89F8C30E-ABBE-42EA-8832-2942127EC96E}.Debug|Any CPU.Build.0 = Debug|Any CPU
		{89F8C30E-ABBE-42EA-8832-2942127EC96E}.Debug|iPhone.ActiveCfg = Debug|Any CPU
		{89F8C30E-ABBE-42EA-8832-2942127EC96E}.Debug|iPhone.Build.0 = Debug|Any CPU
		{89F8C30E-ABBE-42EA-8832-2942127EC96E}.Debug|iPhoneSimulator.ActiveCfg = Debug|Any CPU
		{89F8C30E-ABBE-42EA-8832-2942127EC96E}.Debug|iPhoneSimulator.Build.0 = Debug|Any CPU
		{89F8C30E-ABBE-42EA-8832-2942127EC96E}.Debug|x86.ActiveCfg = Debug|Any CPU
		{89F8C30E-ABBE-42EA-8832-2942127EC96E}.Debug|x86.Build.0 = Debug|Any CPU
		{89F8C30E-ABBE-42EA-8832-2942127EC96E}.Release|Any CPU.ActiveCfg = Release|Any CPU
		{89F8C30E-ABBE-42EA-8832-2942127EC96E}.Release|Any CPU.Build.0 = Release|Any CPU
		{89F8C30E-ABBE-42EA-8832-2942127EC96E}.Release|iPhone.ActiveCfg = Release|Any CPU
		{89F8C30E-ABBE-42EA-8832-2942127EC96E}.Release|iPhone.Build.0 = Release|Any CPU
		{89F8C30E-ABBE-42EA-8832-2942127EC96E}.Release|iPhoneSimulator.ActiveCfg = Release|Any CPU
		{89F8C30E-ABBE-42EA-8832-2942127EC96E}.Release|iPhoneSimulator.Build.0 = Release|Any CPU
		{89F8C30E-ABBE-42EA-8832-2942127EC96E}.Release|x86.ActiveCfg = Release|Any CPU
		{89F8C30E-ABBE-42EA-8832-2942127EC96E}.Release|x86.Build.0 = Release|Any CPU
		{94F0BA84-491A-4458-892B-349921D703F5}.Debug|Any CPU.ActiveCfg = Debug|Any CPU
		{94F0BA84-491A-4458-892B-349921D703F5}.Debug|Any CPU.Build.0 = Debug|Any CPU
		{94F0BA84-491A-4458-892B-349921D703F5}.Debug|iPhone.ActiveCfg = Debug|Any CPU
		{94F0BA84-491A-4458-892B-349921D703F5}.Debug|iPhone.Build.0 = Debug|Any CPU
		{94F0BA84-491A-4458-892B-349921D703F5}.Debug|iPhoneSimulator.ActiveCfg = Debug|Any CPU
		{94F0BA84-491A-4458-892B-349921D703F5}.Debug|iPhoneSimulator.Build.0 = Debug|Any CPU
		{94F0BA84-491A-4458-892B-349921D703F5}.Debug|x86.ActiveCfg = Debug|Any CPU
		{94F0BA84-491A-4458-892B-349921D703F5}.Debug|x86.Build.0 = Debug|Any CPU
		{94F0BA84-491A-4458-892B-349921D703F5}.Release|Any CPU.ActiveCfg = Release|Any CPU
		{94F0BA84-491A-4458-892B-349921D703F5}.Release|Any CPU.Build.0 = Release|Any CPU
		{94F0BA84-491A-4458-892B-349921D703F5}.Release|iPhone.ActiveCfg = Release|Any CPU
		{94F0BA84-491A-4458-892B-349921D703F5}.Release|iPhone.Build.0 = Release|Any CPU
		{94F0BA84-491A-4458-892B-349921D703F5}.Release|iPhoneSimulator.ActiveCfg = Release|Any CPU
		{94F0BA84-491A-4458-892B-349921D703F5}.Release|iPhoneSimulator.Build.0 = Release|Any CPU
		{94F0BA84-491A-4458-892B-349921D703F5}.Release|x86.ActiveCfg = Release|Any CPU
		{94F0BA84-491A-4458-892B-349921D703F5}.Release|x86.Build.0 = Release|Any CPU
		{03BD5A04-73CC-4268-B0E2-6F85942D469C}.Debug|Any CPU.ActiveCfg = Debug|Any CPU
		{03BD5A04-73CC-4268-B0E2-6F85942D469C}.Debug|Any CPU.Build.0 = Debug|Any CPU
		{03BD5A04-73CC-4268-B0E2-6F85942D469C}.Debug|iPhone.ActiveCfg = Debug|Any CPU
		{03BD5A04-73CC-4268-B0E2-6F85942D469C}.Debug|iPhone.Build.0 = Debug|Any CPU
		{03BD5A04-73CC-4268-B0E2-6F85942D469C}.Debug|iPhoneSimulator.ActiveCfg = Debug|Any CPU
		{03BD5A04-73CC-4268-B0E2-6F85942D469C}.Debug|iPhoneSimulator.Build.0 = Debug|Any CPU
		{03BD5A04-73CC-4268-B0E2-6F85942D469C}.Debug|x86.ActiveCfg = Debug|Any CPU
		{03BD5A04-73CC-4268-B0E2-6F85942D469C}.Debug|x86.Build.0 = Debug|Any CPU
		{03BD5A04-73CC-4268-B0E2-6F85942D469C}.Release|Any CPU.ActiveCfg = Release|Any CPU
		{03BD5A04-73CC-4268-B0E2-6F85942D469C}.Release|Any CPU.Build.0 = Release|Any CPU
		{03BD5A04-73CC-4268-B0E2-6F85942D469C}.Release|iPhone.ActiveCfg = Release|Any CPU
		{03BD5A04-73CC-4268-B0E2-6F85942D469C}.Release|iPhone.Build.0 = Release|Any CPU
		{03BD5A04-73CC-4268-B0E2-6F85942D469C}.Release|iPhoneSimulator.ActiveCfg = Release|Any CPU
		{03BD5A04-73CC-4268-B0E2-6F85942D469C}.Release|iPhoneSimulator.Build.0 = Release|Any CPU
		{03BD5A04-73CC-4268-B0E2-6F85942D469C}.Release|x86.ActiveCfg = Release|Any CPU
		{03BD5A04-73CC-4268-B0E2-6F85942D469C}.Release|x86.Build.0 = Release|Any CPU
		{14640CF1-31EC-420C-89D3-AA1A0B3ADCBA}.Debug|Any CPU.ActiveCfg = Debug|Any CPU
		{14640CF1-31EC-420C-89D3-AA1A0B3ADCBA}.Debug|Any CPU.Build.0 = Debug|Any CPU
		{14640CF1-31EC-420C-89D3-AA1A0B3ADCBA}.Debug|iPhone.ActiveCfg = Debug|Any CPU
		{14640CF1-31EC-420C-89D3-AA1A0B3ADCBA}.Debug|iPhone.Build.0 = Debug|Any CPU
		{14640CF1-31EC-420C-89D3-AA1A0B3ADCBA}.Debug|iPhoneSimulator.ActiveCfg = Debug|Any CPU
		{14640CF1-31EC-420C-89D3-AA1A0B3ADCBA}.Debug|iPhoneSimulator.Build.0 = Debug|Any CPU
		{14640CF1-31EC-420C-89D3-AA1A0B3ADCBA}.Debug|x86.ActiveCfg = Debug|Any CPU
		{14640CF1-31EC-420C-89D3-AA1A0B3ADCBA}.Debug|x86.Build.0 = Debug|Any CPU
		{14640CF1-31EC-420C-89D3-AA1A0B3ADCBA}.Release|Any CPU.ActiveCfg = Release|Any CPU
		{14640CF1-31EC-420C-89D3-AA1A0B3ADCBA}.Release|Any CPU.Build.0 = Release|Any CPU
		{14640CF1-31EC-420C-89D3-AA1A0B3ADCBA}.Release|iPhone.ActiveCfg = Release|Any CPU
		{14640CF1-31EC-420C-89D3-AA1A0B3ADCBA}.Release|iPhone.Build.0 = Release|Any CPU
		{14640CF1-31EC-420C-89D3-AA1A0B3ADCBA}.Release|iPhoneSimulator.ActiveCfg = Release|Any CPU
		{14640CF1-31EC-420C-89D3-AA1A0B3ADCBA}.Release|iPhoneSimulator.Build.0 = Release|Any CPU
		{14640CF1-31EC-420C-89D3-AA1A0B3ADCBA}.Release|x86.ActiveCfg = Release|Any CPU
		{14640CF1-31EC-420C-89D3-AA1A0B3ADCBA}.Release|x86.Build.0 = Release|Any CPU
		{11C26A70-E1C5-4CD4-B9EE-737CFAEF7E88}.Debug|Any CPU.ActiveCfg = Debug|Any CPU
		{11C26A70-E1C5-4CD4-B9EE-737CFAEF7E88}.Debug|Any CPU.Build.0 = Debug|Any CPU
		{11C26A70-E1C5-4CD4-B9EE-737CFAEF7E88}.Debug|iPhone.ActiveCfg = Debug|Any CPU
		{11C26A70-E1C5-4CD4-B9EE-737CFAEF7E88}.Debug|iPhone.Build.0 = Debug|Any CPU
		{11C26A70-E1C5-4CD4-B9EE-737CFAEF7E88}.Debug|iPhoneSimulator.ActiveCfg = Debug|Any CPU
		{11C26A70-E1C5-4CD4-B9EE-737CFAEF7E88}.Debug|iPhoneSimulator.Build.0 = Debug|Any CPU
		{11C26A70-E1C5-4CD4-B9EE-737CFAEF7E88}.Debug|x86.ActiveCfg = Debug|Any CPU
		{11C26A70-E1C5-4CD4-B9EE-737CFAEF7E88}.Debug|x86.Build.0 = Debug|Any CPU
		{11C26A70-E1C5-4CD4-B9EE-737CFAEF7E88}.Release|Any CPU.ActiveCfg = Release|Any CPU
		{11C26A70-E1C5-4CD4-B9EE-737CFAEF7E88}.Release|Any CPU.Build.0 = Release|Any CPU
		{11C26A70-E1C5-4CD4-B9EE-737CFAEF7E88}.Release|iPhone.ActiveCfg = Release|Any CPU
		{11C26A70-E1C5-4CD4-B9EE-737CFAEF7E88}.Release|iPhone.Build.0 = Release|Any CPU
		{11C26A70-E1C5-4CD4-B9EE-737CFAEF7E88}.Release|iPhoneSimulator.ActiveCfg = Release|Any CPU
		{11C26A70-E1C5-4CD4-B9EE-737CFAEF7E88}.Release|iPhoneSimulator.Build.0 = Release|Any CPU
		{11C26A70-E1C5-4CD4-B9EE-737CFAEF7E88}.Release|x86.ActiveCfg = Release|Any CPU
		{11C26A70-E1C5-4CD4-B9EE-737CFAEF7E88}.Release|x86.Build.0 = Release|Any CPU
		{D2FA27F2-E052-4446-A257-5ED96007D590}.Debug|Any CPU.ActiveCfg = Debug|Any CPU
		{D2FA27F2-E052-4446-A257-5ED96007D590}.Debug|Any CPU.Build.0 = Debug|Any CPU
		{D2FA27F2-E052-4446-A257-5ED96007D590}.Debug|iPhone.ActiveCfg = Debug|Any CPU
		{D2FA27F2-E052-4446-A257-5ED96007D590}.Debug|iPhone.Build.0 = Debug|Any CPU
		{D2FA27F2-E052-4446-A257-5ED96007D590}.Debug|iPhoneSimulator.ActiveCfg = Debug|Any CPU
		{D2FA27F2-E052-4446-A257-5ED96007D590}.Debug|iPhoneSimulator.Build.0 = Debug|Any CPU
		{D2FA27F2-E052-4446-A257-5ED96007D590}.Debug|x86.ActiveCfg = Debug|Any CPU
		{D2FA27F2-E052-4446-A257-5ED96007D590}.Debug|x86.Build.0 = Debug|Any CPU
		{D2FA27F2-E052-4446-A257-5ED96007D590}.Release|Any CPU.ActiveCfg = Release|Any CPU
		{D2FA27F2-E052-4446-A257-5ED96007D590}.Release|Any CPU.Build.0 = Release|Any CPU
		{D2FA27F2-E052-4446-A257-5ED96007D590}.Release|iPhone.ActiveCfg = Release|Any CPU
		{D2FA27F2-E052-4446-A257-5ED96007D590}.Release|iPhone.Build.0 = Release|Any CPU
		{D2FA27F2-E052-4446-A257-5ED96007D590}.Release|iPhoneSimulator.ActiveCfg = Release|Any CPU
		{D2FA27F2-E052-4446-A257-5ED96007D590}.Release|iPhoneSimulator.Build.0 = Release|Any CPU
		{D2FA27F2-E052-4446-A257-5ED96007D590}.Release|x86.ActiveCfg = Release|Any CPU
		{D2FA27F2-E052-4446-A257-5ED96007D590}.Release|x86.Build.0 = Release|Any CPU
	EndGlobalSection
	GlobalSection(SolutionProperties) = preSolution
		HideSolutionNode = FALSE
	EndGlobalSection
	GlobalSection(ExtensibilityGlobals) = postSolution
		SolutionGuid = {01C163D2-D330-4CFA-A71A-6B59CA837FA5}
	EndGlobalSection
EndGlobal
