
Microsoft Visual Studio Solution File, Format Version 12.00
# Visual Studio 15
VisualStudioVersion = 15.0.27428.1
MinimumVisualStudioVersion = 10.0.40219.1
Project("{9A19103F-16F7-4668-BE54-9A1E7A4F7556}") = "Swifter.Json", "Swifter.Json\Swifter.Json.csproj", "{1688E0CC-6DA1-4839-BD0A-A6BBB67CE449}"
EndProject
Project("{9A19103F-16F7-4668-BE54-9A1E7A4F7556}") = "Swifter.Test", "Swifter.Test\Swifter.Test.csproj", "{A36D4FA5-A26E-4932-AB61-1C1CB7C6AA7B}"
EndProject
Global
	GlobalSection(SolutionConfigurationPlatforms) = preSolution
		Debug|Any CPU = Debug|Any CPU
		Release|Any CPU = Release|Any CPU
	EndGlobalSection
	GlobalSection(ProjectConfigurationPlatforms) = postSolution
		{1688E0CC-6DA1-4839-BD0A-A6BBB67CE449}.Debug|Any CPU.ActiveCfg = Debug|Any CPU
		{1688E0CC-6DA1-4839-BD0A-A6BBB67CE449}.Debug|Any CPU.Build.0 = Debug|Any CPU
		{1688E0CC-6DA1-4839-BD0A-A6BBB67CE449}.Release|Any CPU.ActiveCfg = Release|Any CPU
		{1688E0CC-6DA1-4839-BD0A-A6BBB67CE449}.Release|Any CPU.Build.0 = Release|Any CPU
		{A36D4FA5-A26E-4932-AB61-1C1CB7C6AA7B}.Debug|Any CPU.ActiveCfg = Debug|Any CPU
		{A36D4FA5-A26E-4932-AB61-1C1CB7C6AA7B}.Debug|Any CPU.Build.0 = Debug|Any CPU
		{A36D4FA5-A26E-4932-AB61-1C1CB7C6AA7B}.Release|Any CPU.ActiveCfg = Release|Any CPU
		{A36D4FA5-A26E-4932-AB61-1C1CB7C6AA7B}.Release|Any CPU.Build.0 = Release|Any CPU
	EndGlobalSection
	GlobalSection(SolutionProperties) = preSolution
		HideSolutionNode = FALSE
	EndGlobalSection
	GlobalSection(ExtensibilityGlobals) = postSolution
		SolutionGuid = {D3C12068-7C3B-465E-A2F0-9DF3A72F95BE}
	EndGlobalSection
EndGlobal
