
Microsoft Visual Studio Solution File, Format Version 12.00
# Visual Studio Version 17
VisualStudioVersion = 17.3.32901.215
MinimumVisualStudioVersion = 10.0.40219.1
Project("{9A19103F-16F7-4668-BE54-9A1E7A4F7556}") = "Swifter.Json", "Swifter.Json\Swifter.Json.csproj", "{95000945-8FFF-4F9A-918B-621F2854DE39}"
EndProject
Project("{9A19103F-16F7-4668-BE54-9A1E7A4F7556}") = "Swifter.Core", "Swifter.Core\Swifter.Core.csproj", "{5E1A0662-3ADA-4681-B474-193CDC98A679}"
EndProject
Project("{9A19103F-16F7-4668-BE54-9A1E7A4F7556}") = "Swifter.Extensions.AspNetCore", "Swifter.Extensions.AspNetCore\Swifter.Extensions.AspNetCore.csproj", "{2B3B22D1-12E0-461E-A763-B6B588BC81D2}"
EndProject
Global
	GlobalSection(SolutionConfigurationPlatforms) = preSolution
		Debug|Any CPU = Debug|Any CPU
		Release|Any CPU = Release|Any CPU
	EndGlobalSection
	GlobalSection(ProjectConfigurationPlatforms) = postSolution
		{95000945-8FFF-4F9A-918B-621F2854DE39}.Debug|Any CPU.ActiveCfg = Debug|Any CPU
		{95000945-8FFF-4F9A-918B-621F2854DE39}.Debug|Any CPU.Build.0 = Debug|Any CPU
		{95000945-8FFF-4F9A-918B-621F2854DE39}.Release|Any CPU.ActiveCfg = Release|Any CPU
		{95000945-8FFF-4F9A-918B-621F2854DE39}.Release|Any CPU.Build.0 = Release|Any CPU
		{5E1A0662-3ADA-4681-B474-193CDC98A679}.Debug|Any CPU.ActiveCfg = Debug|Any CPU
		{5E1A0662-3ADA-4681-B474-193CDC98A679}.Debug|Any CPU.Build.0 = Debug|Any CPU
		{5E1A0662-3ADA-4681-B474-193CDC98A679}.Release|Any CPU.ActiveCfg = Release|Any CPU
		{5E1A0662-3ADA-4681-B474-193CDC98A679}.Release|Any CPU.Build.0 = Release|Any CPU
		{2B3B22D1-12E0-461E-A763-B6B588BC81D2}.Debug|Any CPU.ActiveCfg = Debug|Any CPU
		{2B3B22D1-12E0-461E-A763-B6B588BC81D2}.Debug|Any CPU.Build.0 = Debug|Any CPU
		{2B3B22D1-12E0-461E-A763-B6B588BC81D2}.Release|Any CPU.ActiveCfg = Release|Any CPU
		{2B3B22D1-12E0-461E-A763-B6B588BC81D2}.Release|Any CPU.Build.0 = Release|Any CPU
	EndGlobalSection
	GlobalSection(SolutionProperties) = preSolution
		HideSolutionNode = FALSE
	EndGlobalSection
	GlobalSection(ExtensibilityGlobals) = postSolution
		SolutionGuid = {4ECB4E88-ADEB-4765-B257-BF9E11060459}
	EndGlobalSection
EndGlobal
